
Microsoft Visual Studio Solution File, Format Version 12.00
# Visual Studio Version 17
VisualStudioVersion = 17.6.33829.357
MinimumVisualStudioVersion = 10.0.40219.1
Project("{FAE04EC0-301F-11D3-BF4B-00C04F79EFBC}") = "SnakeGame", "SnakeGame\SnakeGame.csproj", "{DE584678-0D52-4FD7-94F5-4E37A301B98D}"
EndProject
Global
	GlobalSection(SolutionConfigurationPlatforms) = preSolution
		Debug|Any CPU = Debug|Any CPU
		Release|Any CPU = Release|Any CPU
	EndGlobalSection
	GlobalSection(ProjectConfigurationPlatforms) = postSolution
		{DE584678-0D52-4FD7-94F5-4E37A301B98D}.Debug|Any CPU.ActiveCfg = Debug|Any CPU
		{DE584678-0D52-4FD7-94F5-4E37A301B98D}.Debug|Any CPU.Build.0 = Debug|Any CPU
		{DE584678-0D52-4FD7-94F5-4E37A301B98D}.Release|Any CPU.ActiveCfg = Release|Any CPU
		{DE584678-0D52-4FD7-94F5-4E37A301B98D}.Release|Any CPU.Build.0 = Release|Any CPU
	EndGlobalSection
	GlobalSection(SolutionProperties) = preSolution
		HideSolutionNode = FALSE
	EndGlobalSection
	GlobalSection(ExtensibilityGlobals) = postSolution
		SolutionGuid = {3B317BCB-209C-46BF-9ADF-A4B705861520}
	EndGlobalSection
EndGlobal
